// !$*UTF8*$!
{
	archiveVersion = 1;
	classes = {
	};
	objectVersion = 56;
	objects = {

/* Begin PBXBuildFile section */
		7464839329EC136C004AF6AD /* WhatsUpCloneApp.swift in Sources */ = {isa = PBXBuildFile; fileRef = 7464839229EC136C004AF6AD /* WhatsUpCloneApp.swift */; };
		7464839529EC136C004AF6AD /* ContentView.swift in Sources */ = {isa = PBXBuildFile; fileRef = 7464839429EC136C004AF6AD /* ContentView.swift */; };
		7464839729EC136E004AF6AD /* Assets.xcassets in Resources */ = {isa = PBXBuildFile; fileRef = 7464839629EC136E004AF6AD /* Assets.xcassets */; };
		7464839A29EC136E004AF6AD /* Preview Assets.xcassets in Resources */ = {isa = PBXBuildFile; fileRef = 7464839929EC136E004AF6AD /* Preview Assets.xcassets */; };
		746483A129EC1468004AF6AD /* GoogleService-Info.plist in Resources */ = {isa = PBXBuildFile; fileRef = 746483A029EC1468004AF6AD /* GoogleService-Info.plist */; };
		746483A429EC1756004AF6AD /* FirebaseAuth in Frameworks */ = {isa = PBXBuildFile; productRef = 746483A329EC1756004AF6AD /* FirebaseAuth */; };
		746483A629EC1756004AF6AD /* FirebaseFirestore in Frameworks */ = {isa = PBXBuildFile; productRef = 746483A529EC1756004AF6AD /* FirebaseFirestore */; };
		746483A829EC1756004AF6AD /* FirebaseFirestoreSwift in Frameworks */ = {isa = PBXBuildFile; productRef = 746483A729EC1756004AF6AD /* FirebaseFirestoreSwift */; };
		746483AA29EC1756004AF6AD /* FirebaseStorage in Frameworks */ = {isa = PBXBuildFile; productRef = 746483A929EC1756004AF6AD /* FirebaseStorage */; };
		746483AD29EC17F8004AF6AD /* SignUpView.swift in Sources */ = {isa = PBXBuildFile; fileRef = 746483AC29EC17F8004AF6AD /* SignUpView.swift */; };
		746483B029EC1926004AF6AD /* String+Ext.swift in Sources */ = {isa = PBXBuildFile; fileRef = 746483AF29EC1926004AF6AD /* String+Ext.swift */; };
		746483B329EC7197004AF6AD /* Model.swift in Sources */ = {isa = PBXBuildFile; fileRef = 746483B229EC7197004AF6AD /* Model.swift */; };
		746483B529EC735D004AF6AD /* LoginView.swift in Sources */ = {isa = PBXBuildFile; fileRef = 746483B429EC735D004AF6AD /* LoginView.swift */; };
		746483B729EC8154004AF6AD /* MainView.swift in Sources */ = {isa = PBXBuildFile; fileRef = 746483B629EC8154004AF6AD /* MainView.swift */; };
		746483B929EC83F6004AF6AD /* AppState.swift in Sources */ = {isa = PBXBuildFile; fileRef = 746483B829EC83F6004AF6AD /* AppState.swift */; };
		746483BB29EC89F0004AF6AD /* GroupListContainerView.swift in Sources */ = {isa = PBXBuildFile; fileRef = 746483BA29EC89F0004AF6AD /* GroupListContainerView.swift */; };
		746483BD29EC8AE1004AF6AD /* AddNewGroupView.swift in Sources */ = {isa = PBXBuildFile; fileRef = 746483BC29EC8AE1004AF6AD /* AddNewGroupView.swift */; };
		746483BF29ED1F82004AF6AD /* GroupModel.swift in Sources */ = {isa = PBXBuildFile; fileRef = 746483BE29ED1F82004AF6AD /* GroupModel.swift */; };
		746483C129ED273F004AF6AD /* GroupListView.swift in Sources */ = {isa = PBXBuildFile; fileRef = 746483C029ED273F004AF6AD /* GroupListView.swift */; };
		746483C329ED2840004AF6AD /* GroupDetailView.swift in Sources */ = {isa = PBXBuildFile; fileRef = 746483C229ED2840004AF6AD /* GroupDetailView.swift */; };
		746483C529ED2AB4004AF6AD /* ChatMessage.swift in Sources */ = {isa = PBXBuildFile; fileRef = 746483C429ED2AB4004AF6AD /* ChatMessage.swift */; };
		746483C729ED3149004AF6AD /* ChatMessageListView.swift in Sources */ = {isa = PBXBuildFile; fileRef = 746483C629ED3149004AF6AD /* ChatMessageListView.swift */; };
		746483C929ED31F7004AF6AD /* ChatMessageView.swift in Sources */ = {isa = PBXBuildFile; fileRef = 746483C829ED31F7004AF6AD /* ChatMessageView.swift */; };
		746483CB29ED5AB0004AF6AD /* SettingsView.swift in Sources */ = {isa = PBXBuildFile; fileRef = 746483CA29ED5AB0004AF6AD /* SettingsView.swift */; };
		746483CD29ED5AE2004AF6AD /* Image+Ext.swift in Sources */ = {isa = PBXBuildFile; fileRef = 746483CC29ED5AE2004AF6AD /* Image+Ext.swift */; };
		746483CF29ED8783004AF6AD /* ImagePicker.swift in Sources */ = {isa = PBXBuildFile; fileRef = 746483CE29ED8783004AF6AD /* ImagePicker.swift */; };
		746483D129ED8C39004AF6AD /* UIImagePickerControllerSourceType+Ext.swift in Sources */ = {isa = PBXBuildFile; fileRef = 746483D029ED8C39004AF6AD /* UIImagePickerControllerSourceType+Ext.swift */; };
		74D7C2E729EFD6960082AEDD /* UIImage+Ext.swift in Sources */ = {isa = PBXBuildFile; fileRef = 74D7C2E629EFD6960082AEDD /* UIImage+Ext.swift */; };
		74D7C2E929EFD8FD0082AEDD /* Storage+Ext.swift in Sources */ = {isa = PBXBuildFile; fileRef = 74D7C2E829EFD8FD0082AEDD /* Storage+Ext.swift */; };
		74D7C2EB29F16E6B0082AEDD /* ChatMessageInputView.swift in Sources */ = {isa = PBXBuildFile; fileRef = 74D7C2EA29F16E6B0082AEDD /* ChatMessageInputView.swift */; };
		74D7C2ED29F16EBD0082AEDD /* GroupDetailConfig.swift in Sources */ = {isa = PBXBuildFile; fileRef = 74D7C2EC29F16EBD0082AEDD /* GroupDetailConfig.swift */; };
		74D7C2F029F1E2DD0082AEDD /* PreviewImageView.swift in Sources */ = {isa = PBXBuildFile; fileRef = 74D7C2EF29F1E2DD0082AEDD /* PreviewImageView.swift */; };
		74D7C2F229F3031B0082AEDD /* LoadingView.swift in Sources */ = {isa = PBXBuildFile; fileRef = 74D7C2F129F3031B0082AEDD /* LoadingView.swift */; };
		74D7C2F429F305830082AEDD /* ErrorWrapper.swift in Sources */ = {isa = PBXBuildFile; fileRef = 74D7C2F329F305830082AEDD /* ErrorWrapper.swift */; };
		74D7C2F629F3061A0082AEDD /* ErrorView.swift in Sources */ = {isa = PBXBuildFile; fileRef = 74D7C2F529F3061A0082AEDD /* ErrorView.swift */; };
/* End PBXBuildFile section */

/* Begin PBXFileReference section */
		7464838F29EC136C004AF6AD /* WhatsUpClone.app */ = {isa = PBXFileReference; explicitFileType = wrapper.application; includeInIndex = 0; path = WhatsUpClone.app; sourceTree = BUILT_PRODUCTS_DIR; };
		7464839229EC136C004AF6AD /* WhatsUpCloneApp.swift */ = {isa = PBXFileReference; lastKnownFileType = sourcecode.swift; path = WhatsUpCloneApp.swift; sourceTree = "<group>"; };
		7464839429EC136C004AF6AD /* ContentView.swift */ = {isa = PBXFileReference; lastKnownFileType = sourcecode.swift; path = ContentView.swift; sourceTree = "<group>"; };
		7464839629EC136E004AF6AD /* Assets.xcassets */ = {isa = PBXFileReference; lastKnownFileType = folder.assetcatalog; path = Assets.xcassets; sourceTree = "<group>"; };
		7464839929EC136E004AF6AD /* Preview Assets.xcassets */ = {isa = PBXFileReference; lastKnownFileType = folder.assetcatalog; path = "Preview Assets.xcassets"; sourceTree = "<group>"; };
		746483A029EC1468004AF6AD /* GoogleService-Info.plist */ = {isa = PBXFileReference; fileEncoding = 4; lastKnownFileType = text.plist.xml; path = "GoogleService-Info.plist"; sourceTree = "<group>"; };
		746483AC29EC17F8004AF6AD /* SignUpView.swift */ = {isa = PBXFileReference; lastKnownFileType = sourcecode.swift; path = SignUpView.swift; sourceTree = "<group>"; };
		746483AF29EC1926004AF6AD /* String+Ext.swift */ = {isa = PBXFileReference; lastKnownFileType = sourcecode.swift; path = "String+Ext.swift"; sourceTree = "<group>"; };
		746483B229EC7197004AF6AD /* Model.swift */ = {isa = PBXFileReference; lastKnownFileType = sourcecode.swift; path = Model.swift; sourceTree = "<group>"; };
		746483B429EC735D004AF6AD /* LoginView.swift */ = {isa = PBXFileReference; lastKnownFileType = sourcecode.swift; path = LoginView.swift; sourceTree = "<group>"; };
		746483B629EC8154004AF6AD /* MainView.swift */ = {isa = PBXFileReference; lastKnownFileType = sourcecode.swift; path = MainView.swift; sourceTree = "<group>"; };
		746483B829EC83F6004AF6AD /* AppState.swift */ = {isa = PBXFileReference; lastKnownFileType = sourcecode.swift; path = AppState.swift; sourceTree = "<group>"; };
		746483BA29EC89F0004AF6AD /* GroupListContainerView.swift */ = {isa = PBXFileReference; lastKnownFileType = sourcecode.swift; path = GroupListContainerView.swift; sourceTree = "<group>"; };
		746483BC29EC8AE1004AF6AD /* AddNewGroupView.swift */ = {isa = PBXFileReference; lastKnownFileType = sourcecode.swift; path = AddNewGroupView.swift; sourceTree = "<group>"; };
		746483BE29ED1F82004AF6AD /* GroupModel.swift */ = {isa = PBXFileReference; lastKnownFileType = sourcecode.swift; path = GroupModel.swift; sourceTree = "<group>"; };
		746483C029ED273F004AF6AD /* GroupListView.swift */ = {isa = PBXFileReference; lastKnownFileType = sourcecode.swift; path = GroupListView.swift; sourceTree = "<group>"; };
		746483C229ED2840004AF6AD /* GroupDetailView.swift */ = {isa = PBXFileReference; lastKnownFileType = sourcecode.swift; path = GroupDetailView.swift; sourceTree = "<group>"; };
		746483C429ED2AB4004AF6AD /* ChatMessage.swift */ = {isa = PBXFileReference; lastKnownFileType = sourcecode.swift; path = ChatMessage.swift; sourceTree = "<group>"; };
		746483C629ED3149004AF6AD /* ChatMessageListView.swift */ = {isa = PBXFileReference; lastKnownFileType = sourcecode.swift; path = ChatMessageListView.swift; sourceTree = "<group>"; };
		746483C829ED31F7004AF6AD /* ChatMessageView.swift */ = {isa = PBXFileReference; lastKnownFileType = sourcecode.swift; path = ChatMessageView.swift; sourceTree = "<group>"; };
		746483CA29ED5AB0004AF6AD /* SettingsView.swift */ = {isa = PBXFileReference; lastKnownFileType = sourcecode.swift; path = SettingsView.swift; sourceTree = "<group>"; };
		746483CC29ED5AE2004AF6AD /* Image+Ext.swift */ = {isa = PBXFileReference; lastKnownFileType = sourcecode.swift; path = "Image+Ext.swift"; sourceTree = "<group>"; };
		746483CE29ED8783004AF6AD /* ImagePicker.swift */ = {isa = PBXFileReference; lastKnownFileType = sourcecode.swift; path = ImagePicker.swift; sourceTree = "<group>"; };
		746483D029ED8C39004AF6AD /* UIImagePickerControllerSourceType+Ext.swift */ = {isa = PBXFileReference; lastKnownFileType = sourcecode.swift; path = "UIImagePickerControllerSourceType+Ext.swift"; sourceTree = "<group>"; };
		74D7C2E629EFD6960082AEDD /* UIImage+Ext.swift */ = {isa = PBXFileReference; lastKnownFileType = sourcecode.swift; path = "UIImage+Ext.swift"; sourceTree = "<group>"; };
		74D7C2E829EFD8FD0082AEDD /* Storage+Ext.swift */ = {isa = PBXFileReference; lastKnownFileType = sourcecode.swift; path = "Storage+Ext.swift"; sourceTree = "<group>"; };
		74D7C2EA29F16E6B0082AEDD /* ChatMessageInputView.swift */ = {isa = PBXFileReference; lastKnownFileType = sourcecode.swift; path = ChatMessageInputView.swift; sourceTree = "<group>"; };
		74D7C2EC29F16EBD0082AEDD /* GroupDetailConfig.swift */ = {isa = PBXFileReference; lastKnownFileType = sourcecode.swift; path = GroupDetailConfig.swift; sourceTree = "<group>"; };
		74D7C2EE29F17B2D0082AEDD /* Info.plist */ = {isa = PBXFileReference; lastKnownFileType = text.plist; path = Info.plist; sourceTree = "<group>"; };
		74D7C2EF29F1E2DD0082AEDD /* PreviewImageView.swift */ = {isa = PBXFileReference; lastKnownFileType = sourcecode.swift; path = PreviewImageView.swift; sourceTree = "<group>"; };
		74D7C2F129F3031B0082AEDD /* LoadingView.swift */ = {isa = PBXFileReference; lastKnownFileType = sourcecode.swift; path = LoadingView.swift; sourceTree = "<group>"; };
		74D7C2F329F305830082AEDD /* ErrorWrapper.swift */ = {isa = PBXFileReference; lastKnownFileType = sourcecode.swift; path = ErrorWrapper.swift; sourceTree = "<group>"; };
		74D7C2F529F3061A0082AEDD /* ErrorView.swift */ = {isa = PBXFileReference; lastKnownFileType = sourcecode.swift; path = ErrorView.swift; sourceTree = "<group>"; };
/* End PBXFileReference section */

/* Begin PBXFrameworksBuildPhase section */
		7464838C29EC136C004AF6AD /* Frameworks */ = {
			isa = PBXFrameworksBuildPhase;
			buildActionMask = 2147483647;
			files = (
				746483A429EC1756004AF6AD /* FirebaseAuth in Frameworks */,
				746483AA29EC1756004AF6AD /* FirebaseStorage in Frameworks */,
				746483A629EC1756004AF6AD /* FirebaseFirestore in Frameworks */,
				746483A829EC1756004AF6AD /* FirebaseFirestoreSwift in Frameworks */,
			);
			runOnlyForDeploymentPostprocessing = 0;
		};
/* End PBXFrameworksBuildPhase section */

/* Begin PBXGroup section */
		7464838629EC136C004AF6AD = {
			isa = PBXGroup;
			children = (
				746483A029EC1468004AF6AD /* GoogleService-Info.plist */,
				7464839129EC136C004AF6AD /* WhatsUpClone */,
				7464839029EC136C004AF6AD /* Products */,
			);
			sourceTree = "<group>";
		};
		7464839029EC136C004AF6AD /* Products */ = {
			isa = PBXGroup;
			children = (
				7464838F29EC136C004AF6AD /* WhatsUpClone.app */,
			);
			name = Products;
			sourceTree = "<group>";
		};
		7464839129EC136C004AF6AD /* WhatsUpClone */ = {
			isa = PBXGroup;
			children = (
				74D7C2EE29F17B2D0082AEDD /* Info.plist */,
				746483B129EC718E004AF6AD /* Models */,
				746483AE29EC191D004AF6AD /* Extensions */,
				746483AB29EC17EF004AF6AD /* Views */,
				7464839229EC136C004AF6AD /* WhatsUpCloneApp.swift */,
				7464839429EC136C004AF6AD /* ContentView.swift */,
				7464839629EC136E004AF6AD /* Assets.xcassets */,
				7464839829EC136E004AF6AD /* Preview Content */,
			);
			path = WhatsUpClone;
			sourceTree = "<group>";
		};
		7464839829EC136E004AF6AD /* Preview Content */ = {
			isa = PBXGroup;
			children = (
				7464839929EC136E004AF6AD /* Preview Assets.xcassets */,
			);
			path = "Preview Content";
			sourceTree = "<group>";
		};
		746483AB29EC17EF004AF6AD /* Views */ = {
			isa = PBXGroup;
			children = (
				746483AC29EC17F8004AF6AD /* SignUpView.swift */,
				746483B429EC735D004AF6AD /* LoginView.swift */,
				74D7C2EF29F1E2DD0082AEDD /* PreviewImageView.swift */,
				746483B629EC8154004AF6AD /* MainView.swift */,
				746483BA29EC89F0004AF6AD /* GroupListContainerView.swift */,
				746483CA29ED5AB0004AF6AD /* SettingsView.swift */,
				746483C229ED2840004AF6AD /* GroupDetailView.swift */,
				74D7C2EA29F16E6B0082AEDD /* ChatMessageInputView.swift */,
				746483CE29ED8783004AF6AD /* ImagePicker.swift */,
				746483C029ED273F004AF6AD /* GroupListView.swift */,
				746483C629ED3149004AF6AD /* ChatMessageListView.swift */,
				746483C829ED31F7004AF6AD /* ChatMessageView.swift */,
				74D7C2F129F3031B0082AEDD /* LoadingView.swift */,
				746483BC29EC8AE1004AF6AD /* AddNewGroupView.swift */,
				74D7C2F529F3061A0082AEDD /* ErrorView.swift */,
			);
			path = Views;
			sourceTree = "<group>";
		};
		746483AE29EC191D004AF6AD /* Extensions */ = {
			isa = PBXGroup;
			children = (
				746483AF29EC1926004AF6AD /* String+Ext.swift */,
				746483CC29ED5AE2004AF6AD /* Image+Ext.swift */,
				746483D029ED8C39004AF6AD /* UIImagePickerControllerSourceType+Ext.swift */,
				74D7C2E629EFD6960082AEDD /* UIImage+Ext.swift */,
				74D7C2E829EFD8FD0082AEDD /* Storage+Ext.swift */,
			);
			path = Extensions;
			sourceTree = "<group>";
		};
		746483B129EC718E004AF6AD /* Models */ = {
			isa = PBXGroup;
			children = (
				746483B229EC7197004AF6AD /* Model.swift */,
				74D7C2EC29F16EBD0082AEDD /* GroupDetailConfig.swift */,
				746483BE29ED1F82004AF6AD /* GroupModel.swift */,
				746483B829EC83F6004AF6AD /* AppState.swift */,
				746483C429ED2AB4004AF6AD /* ChatMessage.swift */,
				74D7C2F329F305830082AEDD /* ErrorWrapper.swift */,
			);
			path = Models;
			sourceTree = "<group>";
		};
/* End PBXGroup section */

/* Begin PBXNativeTarget section */
		7464838E29EC136C004AF6AD /* WhatsUpClone */ = {
			isa = PBXNativeTarget;
			buildConfigurationList = 7464839D29EC136E004AF6AD /* Build configuration list for PBXNativeTarget "WhatsUpClone" */;
			buildPhases = (
				7464838B29EC136C004AF6AD /* Sources */,
				7464838C29EC136C004AF6AD /* Frameworks */,
				7464838D29EC136C004AF6AD /* Resources */,
			);
			buildRules = (
			);
			dependencies = (
			);
			name = WhatsUpClone;
			packageProductDependencies = (
				746483A329EC1756004AF6AD /* FirebaseAuth */,
				746483A529EC1756004AF6AD /* FirebaseFirestore */,
				746483A729EC1756004AF6AD /* FirebaseFirestoreSwift */,
				746483A929EC1756004AF6AD /* FirebaseStorage */,
			);
			productName = WhatsUpClone;
			productReference = 7464838F29EC136C004AF6AD /* WhatsUpClone.app */;
			productType = "com.apple.product-type.application";
		};
/* End PBXNativeTarget section */

/* Begin PBXProject section */
		7464838729EC136C004AF6AD /* Project object */ = {
			isa = PBXProject;
			attributes = {
				BuildIndependentTargetsInParallel = 1;
				LastSwiftUpdateCheck = 1430;
				LastUpgradeCheck = 1430;
				TargetAttributes = {
					7464838E29EC136C004AF6AD = {
						CreatedOnToolsVersion = 14.3;
					};
				};
			};
			buildConfigurationList = 7464838A29EC136C004AF6AD /* Build configuration list for PBXProject "WhatsUpClone" */;
			compatibilityVersion = "Xcode 14.0";
			developmentRegion = en;
			hasScannedForEncodings = 0;
			knownRegions = (
				en,
				Base,
			);
			mainGroup = 7464838629EC136C004AF6AD;
			packageReferences = (
				746483A229EC1756004AF6AD /* XCRemoteSwiftPackageReference "firebase-ios-sdk" */,
			);
			productRefGroup = 7464839029EC136C004AF6AD /* Products */;
			projectDirPath = "";
			projectRoot = "";
			targets = (
				7464838E29EC136C004AF6AD /* WhatsUpClone */,
			);
		};
/* End PBXProject section */

/* Begin PBXResourcesBuildPhase section */
		7464838D29EC136C004AF6AD /* Resources */ = {
			isa = PBXResourcesBuildPhase;
			buildActionMask = 2147483647;
			files = (
				7464839A29EC136E004AF6AD /* Preview Assets.xcassets in Resources */,
				7464839729EC136E004AF6AD /* Assets.xcassets in Resources */,
				746483A129EC1468004AF6AD /* GoogleService-Info.plist in Resources */,
			);
			runOnlyForDeploymentPostprocessing = 0;
		};
/* End PBXResourcesBuildPhase section */

/* Begin PBXSourcesBuildPhase section */
		7464838B29EC136C004AF6AD /* Sources */ = {
			isa = PBXSourcesBuildPhase;
			buildActionMask = 2147483647;
			files = (
				74D7C2E729EFD6960082AEDD /* UIImage+Ext.swift in Sources */,
				746483C929ED31F7004AF6AD /* ChatMessageView.swift in Sources */,
				746483BF29ED1F82004AF6AD /* GroupModel.swift in Sources */,
				74D7C2F429F305830082AEDD /* ErrorWrapper.swift in Sources */,
				746483C729ED3149004AF6AD /* ChatMessageListView.swift in Sources */,
				746483B529EC735D004AF6AD /* LoginView.swift in Sources */,
				746483BD29EC8AE1004AF6AD /* AddNewGroupView.swift in Sources */,
				746483CB29ED5AB0004AF6AD /* SettingsView.swift in Sources */,
				746483B729EC8154004AF6AD /* MainView.swift in Sources */,
				746483CF29ED8783004AF6AD /* ImagePicker.swift in Sources */,
				746483B329EC7197004AF6AD /* Model.swift in Sources */,
				74D7C2F629F3061A0082AEDD /* ErrorView.swift in Sources */,
				746483B929EC83F6004AF6AD /* AppState.swift in Sources */,
				74D7C2F229F3031B0082AEDD /* LoadingView.swift in Sources */,
				7464839529EC136C004AF6AD /* ContentView.swift in Sources */,
				74D7C2F029F1E2DD0082AEDD /* PreviewImageView.swift in Sources */,
				746483C529ED2AB4004AF6AD /* ChatMessage.swift in Sources */,
				74D7C2E929EFD8FD0082AEDD /* Storage+Ext.swift in Sources */,
				746483D129ED8C39004AF6AD /* UIImagePickerControllerSourceType+Ext.swift in Sources */,
				746483CD29ED5AE2004AF6AD /* Image+Ext.swift in Sources */,
				74D7C2ED29F16EBD0082AEDD /* GroupDetailConfig.swift in Sources */,
				74D7C2EB29F16E6B0082AEDD /* ChatMessageInputView.swift in Sources */,
				746483AD29EC17F8004AF6AD /* SignUpView.swift in Sources */,
				746483BB29EC89F0004AF6AD /* GroupListContainerView.swift in Sources */,
				746483B029EC1926004AF6AD /* String+Ext.swift in Sources */,
				746483C129ED273F004AF6AD /* GroupListView.swift in Sources */,
				746483C329ED2840004AF6AD /* GroupDetailView.swift in Sources */,
				7464839329EC136C004AF6AD /* WhatsUpCloneApp.swift in Sources */,
			);
			runOnlyForDeploymentPostprocessing = 0;
		};
/* End PBXSourcesBuildPhase section */

/* Begin XCBuildConfiguration section */
		7464839B29EC136E004AF6AD /* Debug */ = {
			isa = XCBuildConfiguration;
			buildSettings = {
				ALWAYS_SEARCH_USER_PATHS = NO;
				CLANG_ANALYZER_NONNULL = YES;
				CLANG_ANALYZER_NUMBER_OBJECT_CONVERSION = YES_AGGRESSIVE;
				CLANG_CXX_LANGUAGE_STANDARD = "gnu++20";
				CLANG_ENABLE_MODULES = YES;
				CLANG_ENABLE_OBJC_ARC = YES;
				CLANG_ENABLE_OBJC_WEAK = YES;
				CLANG_WARN_BLOCK_CAPTURE_AUTORELEASING = YES;
				CLANG_WARN_BOOL_CONVERSION = YES;
				CLANG_WARN_COMMA = YES;
				CLANG_WARN_CONSTANT_CONVERSION = YES;
				CLANG_WARN_DEPRECATED_OBJC_IMPLEMENTATIONS = YES;
				CLANG_WARN_DIRECT_OBJC_ISA_USAGE = YES_ERROR;
				CLANG_WARN_DOCUMENTATION_COMMENTS = YES;
				CLANG_WARN_EMPTY_BODY = YES;
				CLANG_WARN_ENUM_CONVERSION = YES;
				CLANG_WARN_INFINITE_RECURSION = YES;
				CLANG_WARN_INT_CONVERSION = YES;
				CLANG_WARN_NON_LITERAL_NULL_CONVERSION = YES;
				CLANG_WARN_OBJC_IMPLICIT_RETAIN_SELF = YES;
				CLANG_WARN_OBJC_LITERAL_CONVERSION = YES;
				CLANG_WARN_OBJC_ROOT_CLASS = YES_ERROR;
				CLANG_WARN_QUOTED_INCLUDE_IN_FRAMEWORK_HEADER = YES;
				CLANG_WARN_RANGE_LOOP_ANALYSIS = YES;
				CLANG_WARN_STRICT_PROTOTYPES = YES;
				CLANG_WARN_SUSPICIOUS_MOVE = YES;
				CLANG_WARN_UNGUARDED_AVAILABILITY = YES_AGGRESSIVE;
				CLANG_WARN_UNREACHABLE_CODE = YES;
				CLANG_WARN__DUPLICATE_METHOD_MATCH = YES;
				COPY_PHASE_STRIP = NO;
				DEBUG_INFORMATION_FORMAT = dwarf;
				ENABLE_STRICT_OBJC_MSGSEND = YES;
				ENABLE_TESTABILITY = YES;
				GCC_C_LANGUAGE_STANDARD = gnu11;
				GCC_DYNAMIC_NO_PIC = NO;
				GCC_NO_COMMON_BLOCKS = YES;
				GCC_OPTIMIZATION_LEVEL = 0;
				GCC_PREPROCESSOR_DEFINITIONS = (
					"DEBUG=1",
					"$(inherited)",
				);
				GCC_WARN_64_TO_32_BIT_CONVERSION = YES;
				GCC_WARN_ABOUT_RETURN_TYPE = YES_ERROR;
				GCC_WARN_UNDECLARED_SELECTOR = YES;
				GCC_WARN_UNINITIALIZED_AUTOS = YES_AGGRESSIVE;
				GCC_WARN_UNUSED_FUNCTION = YES;
				GCC_WARN_UNUSED_VARIABLE = YES;
				IPHONEOS_DEPLOYMENT_TARGET = 16.4;
				MTL_ENABLE_DEBUG_INFO = INCLUDE_SOURCE;
				MTL_FAST_MATH = YES;
				ONLY_ACTIVE_ARCH = YES;
				SDKROOT = iphoneos;
				SWIFT_ACTIVE_COMPILATION_CONDITIONS = DEBUG;
				SWIFT_OPTIMIZATION_LEVEL = "-Onone";
			};
			name = Debug;
		};
		7464839C29EC136E004AF6AD /* Release */ = {
			isa = XCBuildConfiguration;
			buildSettings = {
				ALWAYS_SEARCH_USER_PATHS = NO;
				CLANG_ANALYZER_NONNULL = YES;
				CLANG_ANALYZER_NUMBER_OBJECT_CONVERSION = YES_AGGRESSIVE;
				CLANG_CXX_LANGUAGE_STANDARD = "gnu++20";
				CLANG_ENABLE_MODULES = YES;
				CLANG_ENABLE_OBJC_ARC = YES;
				CLANG_ENABLE_OBJC_WEAK = YES;
				CLANG_WARN_BLOCK_CAPTURE_AUTORELEASING = YES;
				CLANG_WARN_BOOL_CONVERSION = YES;
				CLANG_WARN_COMMA = YES;
				CLANG_WARN_CONSTANT_CONVERSION = YES;
				CLANG_WARN_DEPRECATED_OBJC_IMPLEMENTATIONS = YES;
				CLANG_WARN_DIRECT_OBJC_ISA_USAGE = YES_ERROR;
				CLANG_WARN_DOCUMENTATION_COMMENTS = YES;
				CLANG_WARN_EMPTY_BODY = YES;
				CLANG_WARN_ENUM_CONVERSION = YES;
				CLANG_WARN_INFINITE_RECURSION = YES;
				CLANG_WARN_INT_CONVERSION = YES;
				CLANG_WARN_NON_LITERAL_NULL_CONVERSION = YES;
				CLANG_WARN_OBJC_IMPLICIT_RETAIN_SELF = YES;
				CLANG_WARN_OBJC_LITERAL_CONVERSION = YES;
				CLANG_WARN_OBJC_ROOT_CLASS = YES_ERROR;
				CLANG_WARN_QUOTED_INCLUDE_IN_FRAMEWORK_HEADER = YES;
				CLANG_WARN_RANGE_LOOP_ANALYSIS = YES;
				CLANG_WARN_STRICT_PROTOTYPES = YES;
				CLANG_WARN_SUSPICIOUS_MOVE = YES;
				CLANG_WARN_UNGUARDED_AVAILABILITY = YES_AGGRESSIVE;
				CLANG_WARN_UNREACHABLE_CODE = YES;
				CLANG_WARN__DUPLICATE_METHOD_MATCH = YES;
				COPY_PHASE_STRIP = NO;
				DEBUG_INFORMATION_FORMAT = "dwarf-with-dsym";
				ENABLE_NS_ASSERTIONS = NO;
				ENABLE_STRICT_OBJC_MSGSEND = YES;
				GCC_C_LANGUAGE_STANDARD = gnu11;
				GCC_NO_COMMON_BLOCKS = YES;
				GCC_WARN_64_TO_32_BIT_CONVERSION = YES;
				GCC_WARN_ABOUT_RETURN_TYPE = YES_ERROR;
				GCC_WARN_UNDECLARED_SELECTOR = YES;
				GCC_WARN_UNINITIALIZED_AUTOS = YES_AGGRESSIVE;
				GCC_WARN_UNUSED_FUNCTION = YES;
				GCC_WARN_UNUSED_VARIABLE = YES;
				IPHONEOS_DEPLOYMENT_TARGET = 16.4;
				MTL_ENABLE_DEBUG_INFO = NO;
				MTL_FAST_MATH = YES;
				SDKROOT = iphoneos;
				SWIFT_COMPILATION_MODE = wholemodule;
				SWIFT_OPTIMIZATION_LEVEL = "-O";
				VALIDATE_PRODUCT = YES;
			};
			name = Release;
		};
		7464839E29EC136E004AF6AD /* Debug */ = {
			isa = XCBuildConfiguration;
			buildSettings = {
				ASSETCATALOG_COMPILER_APPICON_NAME = AppIcon;
				ASSETCATALOG_COMPILER_GLOBAL_ACCENT_COLOR_NAME = AccentColor;
				CODE_SIGN_STYLE = Automatic;
				CURRENT_PROJECT_VERSION = 1;
				DEVELOPMENT_ASSET_PATHS = "\"WhatsUpClone/Preview Content\"";
				DEVELOPMENT_TEAM = 3JFC7AD7WA;
				ENABLE_PREVIEWS = YES;
				GENERATE_INFOPLIST_FILE = YES;
				INFOPLIST_FILE = WhatsUpClone/Info.plist;
				INFOPLIST_KEY_NSCameraUsageDescription = "";
				INFOPLIST_KEY_UIApplicationSceneManifest_Generation = YES;
				INFOPLIST_KEY_UIApplicationSupportsIndirectInputEvents = YES;
				INFOPLIST_KEY_UILaunchScreen_Generation = YES;
				INFOPLIST_KEY_UISupportedInterfaceOrientations_iPad = "UIInterfaceOrientationPortrait UIInterfaceOrientationPortraitUpsideDown UIInterfaceOrientationLandscapeLeft UIInterfaceOrientationLandscapeRight";
				INFOPLIST_KEY_UISupportedInterfaceOrientations_iPhone = "UIInterfaceOrientationPortrait UIInterfaceOrientationLandscapeLeft UIInterfaceOrientationLandscapeRight";
				LD_RUNPATH_SEARCH_PATHS = (
					"$(inherited)",
					"@executable_path/Frameworks",
				);
				MARKETING_VERSION = 1.0;
				PRODUCT_BUNDLE_IDENTIFIER = comMuhammed.WhatsUpClone;
				PRODUCT_NAME = "$(TARGET_NAME)";
				SWIFT_EMIT_LOC_STRINGS = YES;
				SWIFT_VERSION = 5.0;
				TARGETED_DEVICE_FAMILY = "1,2";
			};
			name = Debug;
		};
		7464839F29EC136E004AF6AD /* Release */ = {
			isa = XCBuildConfiguration;
			buildSettings = {
				ASSETCATALOG_COMPILER_APPICON_NAME = AppIcon;
				ASSETCATALOG_COMPILER_GLOBAL_ACCENT_COLOR_NAME = AccentColor;
				CODE_SIGN_STYLE = Automatic;
				CURRENT_PROJECT_VERSION = 1;
				DEVELOPMENT_ASSET_PATHS = "\"WhatsUpClone/Preview Content\"";
				DEVELOPMENT_TEAM = 3JFC7AD7WA;
				ENABLE_PREVIEWS = YES;
				GENERATE_INFOPLIST_FILE = YES;
				INFOPLIST_FILE = WhatsUpClone/Info.plist;
				INFOPLIST_KEY_NSCameraUsageDescription = "";
				INFOPLIST_KEY_UIApplicationSceneManifest_Generation = YES;
				INFOPLIST_KEY_UIApplicationSupportsIndirectInputEvents = YES;
				INFOPLIST_KEY_UILaunchScreen_Generation = YES;
				INFOPLIST_KEY_UISupportedInterfaceOrientations_iPad = "UIInterfaceOrientationPortrait UIInterfaceOrientationPortraitUpsideDown UIInterfaceOrientationLandscapeLeft UIInterfaceOrientationLandscapeRight";
				INFOPLIST_KEY_UISupportedInterfaceOrientations_iPhone = "UIInterfaceOrientationPortrait UIInterfaceOrientationLandscapeLeft UIInterfaceOrientationLandscapeRight";
				LD_RUNPATH_SEARCH_PATHS = (
					"$(inherited)",
					"@executable_path/Frameworks",
				);
				MARKETING_VERSION = 1.0;
				PRODUCT_BUNDLE_IDENTIFIER = comMuhammed.WhatsUpClone;
				PRODUCT_NAME = "$(TARGET_NAME)";
				SWIFT_EMIT_LOC_STRINGS = YES;
				SWIFT_VERSION = 5.0;
				TARGETED_DEVICE_FAMILY = "1,2";
			};
			name = Release;
		};
/* End XCBuildConfiguration section */

/* Begin XCConfigurationList section */
		7464838A29EC136C004AF6AD /* Build configuration list for PBXProject "WhatsUpClone" */ = {
			isa = XCConfigurationList;
			buildConfigurations = (
				7464839B29EC136E004AF6AD /* Debug */,
				7464839C29EC136E004AF6AD /* Release */,
			);
			defaultConfigurationIsVisible = 0;
			defaultConfigurationName = Release;
		};
		7464839D29EC136E004AF6AD /* Build configuration list for PBXNativeTarget "WhatsUpClone" */ = {
			isa = XCConfigurationList;
			buildConfigurations = (
				7464839E29EC136E004AF6AD /* Debug */,
				7464839F29EC136E004AF6AD /* Release */,
			);
			defaultConfigurationIsVisible = 0;
			defaultConfigurationName = Release;
		};
/* End XCConfigurationList section */

/* Begin XCRemoteSwiftPackageReference section */
		746483A229EC1756004AF6AD /* XCRemoteSwiftPackageReference "firebase-ios-sdk" */ = {
			isa = XCRemoteSwiftPackageReference;
			repositoryURL = "https://github.com/firebase/firebase-ios-sdk";
			requirement = {
				kind = upToNextMajorVersion;
				minimumVersion = 10.0.0;
			};
		};
/* End XCRemoteSwiftPackageReference section */

/* Begin XCSwiftPackageProductDependency section */
		746483A329EC1756004AF6AD /* FirebaseAuth */ = {
			isa = XCSwiftPackageProductDependency;
			package = 746483A229EC1756004AF6AD /* XCRemoteSwiftPackageReference "firebase-ios-sdk" */;
			productName = FirebaseAuth;
		};
		746483A529EC1756004AF6AD /* FirebaseFirestore */ = {
			isa = XCSwiftPackageProductDependency;
			package = 746483A229EC1756004AF6AD /* XCRemoteSwiftPackageReference "firebase-ios-sdk" */;
			productName = FirebaseFirestore;
		};
		746483A729EC1756004AF6AD /* FirebaseFirestoreSwift */ = {
			isa = XCSwiftPackageProductDependency;
			package = 746483A229EC1756004AF6AD /* XCRemoteSwiftPackageReference "firebase-ios-sdk" */;
			productName = FirebaseFirestoreSwift;
		};
		746483A929EC1756004AF6AD /* FirebaseStorage */ = {
			isa = XCSwiftPackageProductDependency;
			package = 746483A229EC1756004AF6AD /* XCRemoteSwiftPackageReference "firebase-ios-sdk" */;
			productName = FirebaseStorage;
		};
/* End XCSwiftPackageProductDependency section */
	};
	rootObject = 7464838729EC136C004AF6AD /* Project object */;
}
